// !$*UTF8*$!
{
	archiveVersion = 1;
	classes = {
	};
	objectVersion = 55;
	objects = {

/* Begin PBXBuildFile section */
		6D87ADCA27DBDAD900F677F6 /* SmartFoodApp.swift in Sources */ = {isa = PBXBuildFile; fileRef = 6D87ADC927DBDAD900F677F6 /* SmartFoodApp.swift */; };
		6D87ADCC27DBDAD900F677F6 /* RecipesView.swift in Sources */ = {isa = PBXBuildFile; fileRef = 6D87ADCB27DBDAD900F677F6 /* RecipesView.swift */; };
		6D87ADCE27DBDAD900F677F6 /* Assets.xcassets in Resources */ = {isa = PBXBuildFile; fileRef = 6D87ADCD27DBDAD900F677F6 /* Assets.xcassets */; };
		6D87ADD127DBDAD900F677F6 /* Preview Assets.xcassets in Resources */ = {isa = PBXBuildFile; fileRef = 6D87ADD027DBDAD900F677F6 /* Preview Assets.xcassets */; };
		6D87ADDB27DBDAD900F677F6 /* SmartFoodTests.swift in Sources */ = {isa = PBXBuildFile; fileRef = 6D87ADDA27DBDAD900F677F6 /* SmartFoodTests.swift */; };
		6D87ADE527DBDAD900F677F6 /* SmartFoodUITests.swift in Sources */ = {isa = PBXBuildFile; fileRef = 6D87ADE427DBDAD900F677F6 /* SmartFoodUITests.swift */; };
		6D87ADE727DBDAD900F677F6 /* SmartFoodUITestsLaunchTests.swift in Sources */ = {isa = PBXBuildFile; fileRef = 6D87ADE627DBDAD900F677F6 /* SmartFoodUITestsLaunchTests.swift */; };
		6DED96D227DBE06600E426E0 /* Category.swift in Sources */ = {isa = PBXBuildFile; fileRef = 6DED96D127DBE06600E426E0 /* Category.swift */; };
		6DED96D427DBE07600E426E0 /* Recipe.swift in Sources */ = {isa = PBXBuildFile; fileRef = 6DED96D327DBE07600E426E0 /* Recipe.swift */; };
		6DED96D627DBE1BA00E426E0 /* RecipeView.swift in Sources */ = {isa = PBXBuildFile; fileRef = 6DED96D527DBE1BA00E426E0 /* RecipeView.swift */; };
		6DED96D827DBE2E400E426E0 /* MockedData.swift in Sources */ = {isa = PBXBuildFile; fileRef = 6DED96D727DBE2E400E426E0 /* MockedData.swift */; };
		6DED96DB27DBF03E00E426E0 /* RecipesViewModel.swift in Sources */ = {isa = PBXBuildFile; fileRef = 6DED96DA27DBF03E00E426E0 /* RecipesViewModel.swift */; };
		6DED96DD27DBF8C600E426E0 /* MockedViewModel.swift in Sources */ = {isa = PBXBuildFile; fileRef = 6DED96DC27DBF8C600E426E0 /* MockedViewModel.swift */; };
/* End PBXBuildFile section */

/* Begin PBXContainerItemProxy section */
		6D87ADD727DBDAD900F677F6 /* PBXContainerItemProxy */ = {
			isa = PBXContainerItemProxy;
			containerPortal = 6D87ADBE27DBDAD900F677F6 /* Project object */;
			proxyType = 1;
			remoteGlobalIDString = 6D87ADC527DBDAD900F677F6;
			remoteInfo = SmartFood;
		};
		6D87ADE127DBDAD900F677F6 /* PBXContainerItemProxy */ = {
			isa = PBXContainerItemProxy;
			containerPortal = 6D87ADBE27DBDAD900F677F6 /* Project object */;
			proxyType = 1;
			remoteGlobalIDString = 6D87ADC527DBDAD900F677F6;
			remoteInfo = SmartFood;
		};
/* End PBXContainerItemProxy section */

/* Begin PBXFileReference section */
		6D87ADC627DBDAD900F677F6 /* SmartFood.app */ = {isa = PBXFileReference; explicitFileType = wrapper.application; includeInIndex = 0; path = SmartFood.app; sourceTree = BUILT_PRODUCTS_DIR; };
		6D87ADC927DBDAD900F677F6 /* SmartFoodApp.swift */ = {isa = PBXFileReference; lastKnownFileType = sourcecode.swift; path = SmartFoodApp.swift; sourceTree = "<group>"; };
		6D87ADCB27DBDAD900F677F6 /* RecipesView.swift */ = {isa = PBXFileReference; lastKnownFileType = sourcecode.swift; path = RecipesView.swift; sourceTree = "<group>"; };
		6D87ADCD27DBDAD900F677F6 /* Assets.xcassets */ = {isa = PBXFileReference; lastKnownFileType = folder.assetcatalog; path = Assets.xcassets; sourceTree = "<group>"; };
		6D87ADD027DBDAD900F677F6 /* Preview Assets.xcassets */ = {isa = PBXFileReference; lastKnownFileType = folder.assetcatalog; path = "Preview Assets.xcassets"; sourceTree = "<group>"; };
		6D87ADD627DBDAD900F677F6 /* SmartFoodTests.xctest */ = {isa = PBXFileReference; explicitFileType = wrapper.cfbundle; includeInIndex = 0; path = SmartFoodTests.xctest; sourceTree = BUILT_PRODUCTS_DIR; };
		6D87ADDA27DBDAD900F677F6 /* SmartFoodTests.swift */ = {isa = PBXFileReference; lastKnownFileType = sourcecode.swift; path = SmartFoodTests.swift; sourceTree = "<group>"; };
		6D87ADE027DBDAD900F677F6 /* SmartFoodUITests.xctest */ = {isa = PBXFileReference; explicitFileType = wrapper.cfbundle; includeInIndex = 0; path = SmartFoodUITests.xctest; sourceTree = BUILT_PRODUCTS_DIR; };
		6D87ADE427DBDAD900F677F6 /* SmartFoodUITests.swift */ = {isa = PBXFileReference; lastKnownFileType = sourcecode.swift; path = SmartFoodUITests.swift; sourceTree = "<group>"; };
		6D87ADE627DBDAD900F677F6 /* SmartFoodUITestsLaunchTests.swift */ = {isa = PBXFileReference; lastKnownFileType = sourcecode.swift; path = SmartFoodUITestsLaunchTests.swift; sourceTree = "<group>"; };
		6D87ADF327DBDE4300F677F6 /* README.md */ = {isa = PBXFileReference; lastKnownFileType = net.daringfireball.markdown; path = README.md; sourceTree = "<group>"; };
		6DED96D127DBE06600E426E0 /* Category.swift */ = {isa = PBXFileReference; lastKnownFileType = sourcecode.swift; path = Category.swift; sourceTree = "<group>"; };
		6DED96D327DBE07600E426E0 /* Recipe.swift */ = {isa = PBXFileReference; lastKnownFileType = sourcecode.swift; path = Recipe.swift; sourceTree = "<group>"; };
		6DED96D527DBE1BA00E426E0 /* RecipeView.swift */ = {isa = PBXFileReference; lastKnownFileType = sourcecode.swift; path = RecipeView.swift; sourceTree = "<group>"; };
		6DED96D727DBE2E400E426E0 /* MockedData.swift */ = {isa = PBXFileReference; lastKnownFileType = sourcecode.swift; path = MockedData.swift; sourceTree = "<group>"; };
		6DED96DA27DBF03E00E426E0 /* RecipesViewModel.swift */ = {isa = PBXFileReference; lastKnownFileType = sourcecode.swift; path = RecipesViewModel.swift; sourceTree = "<group>"; };
		6DED96DC27DBF8C600E426E0 /* MockedViewModel.swift */ = {isa = PBXFileReference; lastKnownFileType = sourcecode.swift; path = MockedViewModel.swift; sourceTree = "<group>"; };
/* End PBXFileReference section */

/* Begin PBXFrameworksBuildPhase section */
		6D87ADC327DBDAD900F677F6 /* Frameworks */ = {
			isa = PBXFrameworksBuildPhase;
			buildActionMask = 2147483647;
			files = (
			);
			runOnlyForDeploymentPostprocessing = 0;
		};
		6D87ADD327DBDAD900F677F6 /* Frameworks */ = {
			isa = PBXFrameworksBuildPhase;
			buildActionMask = 2147483647;
			files = (
			);
			runOnlyForDeploymentPostprocessing = 0;
		};
		6D87ADDD27DBDAD900F677F6 /* Frameworks */ = {
			isa = PBXFrameworksBuildPhase;
			buildActionMask = 2147483647;
			files = (
			);
			runOnlyForDeploymentPostprocessing = 0;
		};
/* End PBXFrameworksBuildPhase section */

/* Begin PBXGroup section */
		6D87ADBD27DBDAD900F677F6 = {
			isa = PBXGroup;
			children = (
				6D87ADC827DBDAD900F677F6 /* SmartFood */,
				6D87ADD927DBDAD900F677F6 /* SmartFoodTests */,
				6D87ADE327DBDAD900F677F6 /* SmartFoodUITests */,
				6D87ADF327DBDE4300F677F6 /* README.md */,
				6D87ADC727DBDAD900F677F6 /* Products */,
			);
			sourceTree = "<group>";
		};
		6D87ADC727DBDAD900F677F6 /* Products */ = {
			isa = PBXGroup;
			children = (
				6D87ADC627DBDAD900F677F6 /* SmartFood.app */,
				6D87ADD627DBDAD900F677F6 /* SmartFoodTests.xctest */,
				6D87ADE027DBDAD900F677F6 /* SmartFoodUITests.xctest */,
			);
			name = Products;
			sourceTree = "<group>";
		};
		6D87ADC827DBDAD900F677F6 /* SmartFood */ = {
			isa = PBXGroup;
			children = (
				6DED96D027DBE01200E426E0 /* Models */,
				6DED96D927DBF01300E426E0 /* ViewModels */,
				6DED96CF27DBE00600E426E0 /* Views */,
				6D87ADC927DBDAD900F677F6 /* SmartFoodApp.swift */,
				6D87ADCD27DBDAD900F677F6 /* Assets.xcassets */,
				6D87ADCF27DBDAD900F677F6 /* Preview Content */,
			);
			path = SmartFood;
			sourceTree = "<group>";
		};
		6D87ADCF27DBDAD900F677F6 /* Preview Content */ = {
			isa = PBXGroup;
			children = (
				6D87ADD027DBDAD900F677F6 /* Preview Assets.xcassets */,
				6DED96D727DBE2E400E426E0 /* MockedData.swift */,
				6DED96DC27DBF8C600E426E0 /* MockedViewModel.swift */,
			);
			path = "Preview Content";
			sourceTree = "<group>";
		};
		6D87ADD927DBDAD900F677F6 /* SmartFoodTests */ = {
			isa = PBXGroup;
			children = (
				6D87ADDA27DBDAD900F677F6 /* SmartFoodTests.swift */,
			);
			path = SmartFoodTests;
			sourceTree = "<group>";
		};
		6D87ADE327DBDAD900F677F6 /* SmartFoodUITests */ = {
			isa = PBXGroup;
			children = (
				6D87ADE427DBDAD900F677F6 /* SmartFoodUITests.swift */,
				6D87ADE627DBDAD900F677F6 /* SmartFoodUITestsLaunchTests.swift */,
			);
			path = SmartFoodUITests;
			sourceTree = "<group>";
		};
		6DED96CF27DBE00600E426E0 /* Views */ = {
			isa = PBXGroup;
			children = (
				6D87ADCB27DBDAD900F677F6 /* RecipesView.swift */,
				6DED96D527DBE1BA00E426E0 /* RecipeView.swift */,
			);
			path = Views;
			sourceTree = "<group>";
		};
		6DED96D027DBE01200E426E0 /* Models */ = {
			isa = PBXGroup;
			children = (
				6DED96D127DBE06600E426E0 /* Category.swift */,
				6DED96D327DBE07600E426E0 /* Recipe.swift */,
			);
			path = Models;
			sourceTree = "<group>";
		};
		6DED96D927DBF01300E426E0 /* ViewModels */ = {
			isa = PBXGroup;
			children = (
				6DED96DA27DBF03E00E426E0 /* RecipesViewModel.swift */,
			);
			path = ViewModels;
			sourceTree = "<group>";
		};
/* End PBXGroup section */

/* Begin PBXNativeTarget section */
		6D87ADC527DBDAD900F677F6 /* SmartFood */ = {
			isa = PBXNativeTarget;
			buildConfigurationList = 6D87ADEA27DBDAD900F677F6 /* Build configuration list for PBXNativeTarget "SmartFood" */;
			buildPhases = (
				6D87ADC227DBDAD900F677F6 /* Sources */,
				6D87ADC327DBDAD900F677F6 /* Frameworks */,
				6D87ADC427DBDAD900F677F6 /* Resources */,
			);
			buildRules = (
			);
			dependencies = (
			);
			name = SmartFood;
			productName = SmartFood;
			productReference = 6D87ADC627DBDAD900F677F6 /* SmartFood.app */;
			productType = "com.apple.product-type.application";
		};
		6D87ADD527DBDAD900F677F6 /* SmartFoodTests */ = {
			isa = PBXNativeTarget;
			buildConfigurationList = 6D87ADED27DBDAD900F677F6 /* Build configuration list for PBXNativeTarget "SmartFoodTests" */;
			buildPhases = (
				6D87ADD227DBDAD900F677F6 /* Sources */,
				6D87ADD327DBDAD900F677F6 /* Frameworks */,
				6D87ADD427DBDAD900F677F6 /* Resources */,
			);
			buildRules = (
			);
			dependencies = (
				6D87ADD827DBDAD900F677F6 /* PBXTargetDependency */,
			);
			name = SmartFoodTests;
			productName = SmartFoodTests;
			productReference = 6D87ADD627DBDAD900F677F6 /* SmartFoodTests.xctest */;
			productType = "com.apple.product-type.bundle.unit-test";
		};
		6D87ADDF27DBDAD900F677F6 /* SmartFoodUITests */ = {
			isa = PBXNativeTarget;
			buildConfigurationList = 6D87ADF027DBDAD900F677F6 /* Build configuration list for PBXNativeTarget "SmartFoodUITests" */;
			buildPhases = (
				6D87ADDC27DBDAD900F677F6 /* Sources */,
				6D87ADDD27DBDAD900F677F6 /* Frameworks */,
				6D87ADDE27DBDAD900F677F6 /* Resources */,
			);
			buildRules = (
			);
			dependencies = (
				6D87ADE227DBDAD900F677F6 /* PBXTargetDependency */,
			);
			name = SmartFoodUITests;
			productName = SmartFoodUITests;
			productReference = 6D87ADE027DBDAD900F677F6 /* SmartFoodUITests.xctest */;
			productType = "com.apple.product-type.bundle.ui-testing";
		};
/* End PBXNativeTarget section */

/* Begin PBXProject section */
		6D87ADBE27DBDAD900F677F6 /* Project object */ = {
			isa = PBXProject;
			attributes = {
				BuildIndependentTargetsInParallel = 1;
				LastSwiftUpdateCheck = 1320;
				LastUpgradeCheck = 1320;
				TargetAttributes = {
					6D87ADC527DBDAD900F677F6 = {
						CreatedOnToolsVersion = 13.2.1;
					};
					6D87ADD527DBDAD900F677F6 = {
						CreatedOnToolsVersion = 13.2.1;
						TestTargetID = 6D87ADC527DBDAD900F677F6;
					};
					6D87ADDF27DBDAD900F677F6 = {
						CreatedOnToolsVersion = 13.2.1;
						TestTargetID = 6D87ADC527DBDAD900F677F6;
					};
				};
			};
			buildConfigurationList = 6D87ADC127DBDAD900F677F6 /* Build configuration list for PBXProject "SmartFood" */;
			compatibilityVersion = "Xcode 13.0";
			developmentRegion = en;
			hasScannedForEncodings = 0;
			knownRegions = (
				en,
				Base,
			);
			mainGroup = 6D87ADBD27DBDAD900F677F6;
			productRefGroup = 6D87ADC727DBDAD900F677F6 /* Products */;
			projectDirPath = "";
			projectRoot = "";
			targets = (
				6D87ADC527DBDAD900F677F6 /* SmartFood */,
				6D87ADD527DBDAD900F677F6 /* SmartFoodTests */,
				6D87ADDF27DBDAD900F677F6 /* SmartFoodUITests */,
			);
		};
/* End PBXProject section */

/* Begin PBXResourcesBuildPhase section */
		6D87ADC427DBDAD900F677F6 /* Resources */ = {
			isa = PBXResourcesBuildPhase;
			buildActionMask = 2147483647;
			files = (
				6D87ADD127DBDAD900F677F6 /* Preview Assets.xcassets in Resources */,
				6D87ADCE27DBDAD900F677F6 /* Assets.xcassets in Resources */,
			);
			runOnlyForDeploymentPostprocessing = 0;
		};
		6D87ADD427DBDAD900F677F6 /* Resources */ = {
			isa = PBXResourcesBuildPhase;
			buildActionMask = 2147483647;
			files = (
			);
			runOnlyForDeploymentPostprocessing = 0;
		};
		6D87ADDE27DBDAD900F677F6 /* Resources */ = {
			isa = PBXResourcesBuildPhase;
			buildActionMask = 2147483647;
			files = (
			);
			runOnlyForDeploymentPostprocessing = 0;
		};
/* End PBXResourcesBuildPhase section */

/* Begin PBXSourcesBuildPhase section */
		6D87ADC227DBDAD900F677F6 /* Sources */ = {
			isa = PBXSourcesBuildPhase;
			buildActionMask = 2147483647;
			files = (
				6D87ADCC27DBDAD900F677F6 /* RecipesView.swift in Sources */,
				6D87ADCA27DBDAD900F677F6 /* SmartFoodApp.swift in Sources */,
				6DED96D827DBE2E400E426E0 /* MockedData.swift in Sources */,
				6DED96D227DBE06600E426E0 /* Category.swift in Sources */,
				6DED96D427DBE07600E426E0 /* Recipe.swift in Sources */,
				6DED96DB27DBF03E00E426E0 /* RecipesViewModel.swift in Sources */,
				6DED96D627DBE1BA00E426E0 /* RecipeView.swift in Sources */,
				6DED96DD27DBF8C600E426E0 /* MockedViewModel.swift in Sources */,
			);
			runOnlyForDeploymentPostprocessing = 0;
		};
		6D87ADD227DBDAD900F677F6 /* Sources */ = {
			isa = PBXSourcesBuildPhase;
			buildActionMask = 2147483647;
			files = (
				6D87ADDB27DBDAD900F677F6 /* SmartFoodTests.swift in Sources */,
			);
			runOnlyForDeploymentPostprocessing = 0;
		};
		6D87ADDC27DBDAD900F677F6 /* Sources */ = {
			isa = PBXSourcesBuildPhase;
			buildActionMask = 2147483647;
			files = (
				6D87ADE727DBDAD900F677F6 /* SmartFoodUITestsLaunchTests.swift in Sources */,
				6D87ADE527DBDAD900F677F6 /* SmartFoodUITests.swift in Sources */,
			);
			runOnlyForDeploymentPostprocessing = 0;
		};
/* End PBXSourcesBuildPhase section */

/* Begin PBXTargetDependency section */
		6D87ADD827DBDAD900F677F6 /* PBXTargetDependency */ = {
			isa = PBXTargetDependency;
			target = 6D87ADC527DBDAD900F677F6 /* SmartFood */;
			targetProxy = 6D87ADD727DBDAD900F677F6 /* PBXContainerItemProxy */;
		};
		6D87ADE227DBDAD900F677F6 /* PBXTargetDependency */ = {
			isa = PBXTargetDependency;
			target = 6D87ADC527DBDAD900F677F6 /* SmartFood */;
			targetProxy = 6D87ADE127DBDAD900F677F6 /* PBXContainerItemProxy */;
		};
/* End PBXTargetDependency section */

/* Begin XCBuildConfiguration section */
		6D87ADE827DBDAD900F677F6 /* Debug */ = {
			isa = XCBuildConfiguration;
			buildSettings = {
				ALWAYS_SEARCH_USER_PATHS = NO;
				CLANG_ANALYZER_NONNULL = YES;
				CLANG_ANALYZER_NUMBER_OBJECT_CONVERSION = YES_AGGRESSIVE;
				CLANG_CXX_LANGUAGE_STANDARD = "gnu++17";
				CLANG_CXX_LIBRARY = "libc++";
				CLANG_ENABLE_MODULES = YES;
				CLANG_ENABLE_OBJC_ARC = YES;
				CLANG_ENABLE_OBJC_WEAK = YES;
				CLANG_WARN_BLOCK_CAPTURE_AUTORELEASING = YES;
				CLANG_WARN_BOOL_CONVERSION = YES;
				CLANG_WARN_COMMA = YES;
				CLANG_WARN_CONSTANT_CONVERSION = YES;
				CLANG_WARN_DEPRECATED_OBJC_IMPLEMENTATIONS = YES;
				CLANG_WARN_DIRECT_OBJC_ISA_USAGE = YES_ERROR;
				CLANG_WARN_DOCUMENTATION_COMMENTS = YES;
				CLANG_WARN_EMPTY_BODY = YES;
				CLANG_WARN_ENUM_CONVERSION = YES;
				CLANG_WARN_INFINITE_RECURSION = YES;
				CLANG_WARN_INT_CONVERSION = YES;
				CLANG_WARN_NON_LITERAL_NULL_CONVERSION = YES;
				CLANG_WARN_OBJC_IMPLICIT_RETAIN_SELF = YES;
				CLANG_WARN_OBJC_LITERAL_CONVERSION = YES;
				CLANG_WARN_OBJC_ROOT_CLASS = YES_ERROR;
				CLANG_WARN_QUOTED_INCLUDE_IN_FRAMEWORK_HEADER = YES;
				CLANG_WARN_RANGE_LOOP_ANALYSIS = YES;
				CLANG_WARN_STRICT_PROTOTYPES = YES;
				CLANG_WARN_SUSPICIOUS_MOVE = YES;
				CLANG_WARN_UNGUARDED_AVAILABILITY = YES_AGGRESSIVE;
				CLANG_WARN_UNREACHABLE_CODE = YES;
				CLANG_WARN__DUPLICATE_METHOD_MATCH = YES;
				COPY_PHASE_STRIP = NO;
				DEBUG_INFORMATION_FORMAT = dwarf;
				ENABLE_STRICT_OBJC_MSGSEND = YES;
				ENABLE_TESTABILITY = YES;
				GCC_C_LANGUAGE_STANDARD = gnu11;
				GCC_DYNAMIC_NO_PIC = NO;
				GCC_NO_COMMON_BLOCKS = YES;
				GCC_OPTIMIZATION_LEVEL = 0;
				GCC_PREPROCESSOR_DEFINITIONS = (
					"DEBUG=1",
					"$(inherited)",
				);
				GCC_WARN_64_TO_32_BIT_CONVERSION = YES;
				GCC_WARN_ABOUT_RETURN_TYPE = YES_ERROR;
				GCC_WARN_UNDECLARED_SELECTOR = YES;
				GCC_WARN_UNINITIALIZED_AUTOS = YES_AGGRESSIVE;
				GCC_WARN_UNUSED_FUNCTION = YES;
				GCC_WARN_UNUSED_VARIABLE = YES;
				IPHONEOS_DEPLOYMENT_TARGET = 15.2;
				MTL_ENABLE_DEBUG_INFO = INCLUDE_SOURCE;
				MTL_FAST_MATH = YES;
				ONLY_ACTIVE_ARCH = YES;
				SDKROOT = iphoneos;
				SWIFT_ACTIVE_COMPILATION_CONDITIONS = DEBUG;
				SWIFT_OPTIMIZATION_LEVEL = "-Onone";
			};
			name = Debug;
		};
		6D87ADE927DBDAD900F677F6 /* Release */ = {
			isa = XCBuildConfiguration;
			buildSettings = {
				ALWAYS_SEARCH_USER_PATHS = NO;
				CLANG_ANALYZER_NONNULL = YES;
				CLANG_ANALYZER_NUMBER_OBJECT_CONVERSION = YES_AGGRESSIVE;
				CLANG_CXX_LANGUAGE_STANDARD = "gnu++17";
				CLANG_CXX_LIBRARY = "libc++";
				CLANG_ENABLE_MODULES = YES;
				CLANG_ENABLE_OBJC_ARC = YES;
				CLANG_ENABLE_OBJC_WEAK = YES;
				CLANG_WARN_BLOCK_CAPTURE_AUTORELEASING = YES;
				CLANG_WARN_BOOL_CONVERSION = YES;
				CLANG_WARN_COMMA = YES;
				CLANG_WARN_CONSTANT_CONVERSION = YES;
				CLANG_WARN_DEPRECATED_OBJC_IMPLEMENTATIONS = YES;
				CLANG_WARN_DIRECT_OBJC_ISA_USAGE = YES_ERROR;
				CLANG_WARN_DOCUMENTATION_COMMENTS = YES;
				CLANG_WARN_EMPTY_BODY = YES;
				CLANG_WARN_ENUM_CONVERSION = YES;
				CLANG_WARN_INFINITE_RECURSION = YES;
				CLANG_WARN_INT_CONVERSION = YES;
				CLANG_WARN_NON_LITERAL_NULL_CONVERSION = YES;
				CLANG_WARN_OBJC_IMPLICIT_RETAIN_SELF = YES;
				CLANG_WARN_OBJC_LITERAL_CONVERSION = YES;
				CLANG_WARN_OBJC_ROOT_CLASS = YES_ERROR;
				CLANG_WARN_QUOTED_INCLUDE_IN_FRAMEWORK_HEADER = YES;
				CLANG_WARN_RANGE_LOOP_ANALYSIS = YES;
				CLANG_WARN_STRICT_PROTOTYPES = YES;
				CLANG_WARN_SUSPICIOUS_MOVE = YES;
				CLANG_WARN_UNGUARDED_AVAILABILITY = YES_AGGRESSIVE;
				CLANG_WARN_UNREACHABLE_CODE = YES;
				CLANG_WARN__DUPLICATE_METHOD_MATCH = YES;
				COPY_PHASE_STRIP = NO;
				DEBUG_INFORMATION_FORMAT = "dwarf-with-dsym";
				ENABLE_NS_ASSERTIONS = NO;
				ENABLE_STRICT_OBJC_MSGSEND = YES;
				GCC_C_LANGUAGE_STANDARD = gnu11;
				GCC_NO_COMMON_BLOCKS = YES;
				GCC_WARN_64_TO_32_BIT_CONVERSION = YES;
				GCC_WARN_ABOUT_RETURN_TYPE = YES_ERROR;
				GCC_WARN_UNDECLARED_SELECTOR = YES;
				GCC_WARN_UNINITIALIZED_AUTOS = YES_AGGRESSIVE;
				GCC_WARN_UNUSED_FUNCTION = YES;
				GCC_WARN_UNUSED_VARIABLE = YES;
				IPHONEOS_DEPLOYMENT_TARGET = 15.2;
				MTL_ENABLE_DEBUG_INFO = NO;
				MTL_FAST_MATH = YES;
				SDKROOT = iphoneos;
				SWIFT_COMPILATION_MODE = wholemodule;
				SWIFT_OPTIMIZATION_LEVEL = "-O";
				VALIDATE_PRODUCT = YES;
			};
			name = Release;
		};
		6D87ADEB27DBDAD900F677F6 /* Debug */ = {
			isa = XCBuildConfiguration;
			buildSettings = {
				ASSETCATALOG_COMPILER_APPICON_NAME = AppIcon;
				ASSETCATALOG_COMPILER_GLOBAL_ACCENT_COLOR_NAME = AccentColor;
				CODE_SIGN_STYLE = Automatic;
				CURRENT_PROJECT_VERSION = 1;
				DEVELOPMENT_ASSET_PATHS = "\"SmartFood/Preview Content\"";
				ENABLE_PREVIEWS = YES;
				GENERATE_INFOPLIST_FILE = YES;
				INFOPLIST_KEY_UIApplicationSceneManifest_Generation = YES;
				INFOPLIST_KEY_UIApplicationSupportsIndirectInputEvents = YES;
				INFOPLIST_KEY_UILaunchScreen_Generation = YES;
				INFOPLIST_KEY_UISupportedInterfaceOrientations_iPad = "UIInterfaceOrientationPortrait UIInterfaceOrientationPortraitUpsideDown UIInterfaceOrientationLandscapeLeft UIInterfaceOrientationLandscapeRight";
				INFOPLIST_KEY_UISupportedInterfaceOrientations_iPhone = "UIInterfaceOrientationPortrait UIInterfaceOrientationLandscapeLeft UIInterfaceOrientationLandscapeRight";
				LD_RUNPATH_SEARCH_PATHS = (
					"$(inherited)",
					"@executable_path/Frameworks",
				);
				MARKETING_VERSION = 1.0;
				PRODUCT_BUNDLE_IDENTIFIER = com.rafaelcalunga.SmartFood;
				PRODUCT_NAME = "$(TARGET_NAME)";
				SWIFT_EMIT_LOC_STRINGS = YES;
				SWIFT_VERSION = 5.0;
				TARGETED_DEVICE_FAMILY = "1,2";
			};
			name = Debug;
		};
		6D87ADEC27DBDAD900F677F6 /* Release */ = {
			isa = XCBuildConfiguration;
			buildSettings = {
				ASSETCATALOG_COMPILER_APPICON_NAME = AppIcon;
				ASSETCATALOG_COMPILER_GLOBAL_ACCENT_COLOR_NAME = AccentColor;
				CODE_SIGN_STYLE = Automatic;
				CURRENT_PROJECT_VERSION = 1;
				DEVELOPMENT_ASSET_PATHS = "\"SmartFood/Preview Content\"";
				ENABLE_PREVIEWS = YES;
				GENERATE_INFOPLIST_FILE = YES;
				INFOPLIST_KEY_UIApplicationSceneManifest_Generation = YES;
				INFOPLIST_KEY_UIApplicationSupportsIndirectInputEvents = YES;
				INFOPLIST_KEY_UILaunchScreen_Generation = YES;
				INFOPLIST_KEY_UISupportedInterfaceOrientations_iPad = "UIInterfaceOrientationPortrait UIInterfaceOrientationPortraitUpsideDown UIInterfaceOrientationLandscapeLeft UIInterfaceOrientationLandscapeRight";
				INFOPLIST_KEY_UISupportedInterfaceOrientations_iPhone = "UIInterfaceOrientationPortrait UIInterfaceOrientationLandscapeLeft UIInterfaceOrientationLandscapeRight";
				LD_RUNPATH_SEARCH_PATHS = (
					"$(inherited)",
					"@executable_path/Frameworks",
				);
				MARKETING_VERSION = 1.0;
				PRODUCT_BUNDLE_IDENTIFIER = com.rafaelcalunga.SmartFood;
				PRODUCT_NAME = "$(TARGET_NAME)";
				SWIFT_EMIT_LOC_STRINGS = YES;
				SWIFT_VERSION = 5.0;
				TARGETED_DEVICE_FAMILY = "1,2";
			};
			name = Release;
		};
		6D87ADEE27DBDAD900F677F6 /* Debug */ = {
			isa = XCBuildConfiguration;
			buildSettings = {
				ALWAYS_EMBED_SWIFT_STANDARD_LIBRARIES = YES;
				BUNDLE_LOADER = "$(TEST_HOST)";
				CODE_SIGN_STYLE = Automatic;
				CURRENT_PROJECT_VERSION = 1;
				GENERATE_INFOPLIST_FILE = YES;
				IPHONEOS_DEPLOYMENT_TARGET = 15.2;
				MARKETING_VERSION = 1.0;
				PRODUCT_BUNDLE_IDENTIFIER = com.rafaelcalunga.SmartFoodTests;
				PRODUCT_NAME = "$(TARGET_NAME)";
				SWIFT_EMIT_LOC_STRINGS = NO;
				SWIFT_VERSION = 5.0;
				TARGETED_DEVICE_FAMILY = "1,2";
				TEST_HOST = "$(BUILT_PRODUCTS_DIR)/SmartFood.app/SmartFood";
			};
			name = Debug;
		};
		6D87ADEF27DBDAD900F677F6 /* Release */ = {
			isa = XCBuildConfiguration;
			buildSettings = {
				ALWAYS_EMBED_SWIFT_STANDARD_LIBRARIES = YES;
				BUNDLE_LOADER = "$(TEST_HOST)";
				CODE_SIGN_STYLE = Automatic;
				CURRENT_PROJECT_VERSION = 1;
				GENERATE_INFOPLIST_FILE = YES;
				IPHONEOS_DEPLOYMENT_TARGET = 15.2;
				MARKETING_VERSION = 1.0;
				PRODUCT_BUNDLE_IDENTIFIER = com.rafaelcalunga.SmartFoodTests;
				PRODUCT_NAME = "$(TARGET_NAME)";
				SWIFT_EMIT_LOC_STRINGS = NO;
				SWIFT_VERSION = 5.0;
				TARGETED_DEVICE_FAMILY = "1,2";
				TEST_HOST = "$(BUILT_PRODUCTS_DIR)/SmartFood.app/SmartFood";
			};
			name = Release;
		};
		6D87ADF127DBDAD900F677F6 /* Debug */ = {
			isa = XCBuildConfiguration;
			buildSettings = {
				ALWAYS_EMBED_SWIFT_STANDARD_LIBRARIES = YES;
				CODE_SIGN_STYLE = Automatic;
				CURRENT_PROJECT_VERSION = 1;
				GENERATE_INFOPLIST_FILE = YES;
				MARKETING_VERSION = 1.0;
				PRODUCT_BUNDLE_IDENTIFIER = com.rafaelcalunga.SmartFoodUITests;
				PRODUCT_NAME = "$(TARGET_NAME)";
				SWIFT_EMIT_LOC_STRINGS = NO;
				SWIFT_VERSION = 5.0;
				TARGETED_DEVICE_FAMILY = "1,2";
				TEST_TARGET_NAME = SmartFood;
			};
			name = Debug;
		};
		6D87ADF227DBDAD900F677F6 /* Release */ = {
			isa = XCBuildConfiguration;
			buildSettings = {
				ALWAYS_EMBED_SWIFT_STANDARD_LIBRARIES = YES;
				CODE_SIGN_STYLE = Automatic;
				CURRENT_PROJECT_VERSION = 1;
				GENERATE_INFOPLIST_FILE = YES;
				MARKETING_VERSION = 1.0;
				PRODUCT_BUNDLE_IDENTIFIER = com.rafaelcalunga.SmartFoodUITests;
				PRODUCT_NAME = "$(TARGET_NAME)";
				SWIFT_EMIT_LOC_STRINGS = NO;
				SWIFT_VERSION = 5.0;
				TARGETED_DEVICE_FAMILY = "1,2";
				TEST_TARGET_NAME = SmartFood;
			};
			name = Release;
		};
/* End XCBuildConfiguration section */

/* Begin XCConfigurationList section */
		6D87ADC127DBDAD900F677F6 /* Build configuration list for PBXProject "SmartFood" */ = {
			isa = XCConfigurationList;
			buildConfigurations = (
				6D87ADE827DBDAD900F677F6 /* Debug */,
				6D87ADE927DBDAD900F677F6 /* Release */,
			);
			defaultConfigurationIsVisible = 0;
			defaultConfigurationName = Release;
		};
		6D87ADEA27DBDAD900F677F6 /* Build configuration list for PBXNativeTarget "SmartFood" */ = {
			isa = XCConfigurationList;
			buildConfigurations = (
				6D87ADEB27DBDAD900F677F6 /* Debug */,
				6D87ADEC27DBDAD900F677F6 /* Release */,
			);
			defaultConfigurationIsVisible = 0;
			defaultConfigurationName = Release;
		};
		6D87ADED27DBDAD900F677F6 /* Build configuration list for PBXNativeTarget "SmartFoodTests" */ = {
			isa = XCConfigurationList;
			buildConfigurations = (
				6D87ADEE27DBDAD900F677F6 /* Debug */,
				6D87ADEF27DBDAD900F677F6 /* Release */,
			);
			defaultConfigurationIsVisible = 0;
			defaultConfigurationName = Release;
		};
		6D87ADF027DBDAD900F677F6 /* Build configuration list for PBXNativeTarget "SmartFoodUITests" */ = {
			isa = XCConfigurationList;
			buildConfigurations = (
				6D87ADF127DBDAD900F677F6 /* Debug */,
				6D87ADF227DBDAD900F677F6 /* Release */,
			);
			defaultConfigurationIsVisible = 0;
			defaultConfigurationName = Release;
		};
/* End XCConfigurationList section */
	};
	rootObject = 6D87ADBE27DBDAD900F677F6 /* Project object */;
}
